<?xml version="1.0" encoding="utf-8"?>
<Project ToolsVersion="4.0" xmlns="http://schemas.microsoft.com/developer/msbuild/2003">
  <ItemGroup>
    <Filter Include="Source Files">
      <UniqueIdentifier>{4FC737F1-C7A5-4376-A066-2A32D752A2FF}</UniqueIdentifier>
      <Extensions>cpp;c;cc;cxx;def;odl;idl;hpj;bat;asm;asmx</Extensions>
    </Filter>
    <Filter Include="Header Files">
      <UniqueIdentifier>{93995380-89BD-4b04-88EB-625FBE52EBFB}</UniqueIdentifier>
      <Extensions>h;hpp;hxx;hm;inl;inc;xsd</Extensions>
    </Filter>
    <Filter Include="Resource Files">
      <UniqueIdentifier>{67DA6AB6-F800-4c08-8B7A-83BB121AAD01}</UniqueIdentifier>
      <Extensions>rc;ico;cur;bmp;dlg;rc2;rct;bin;rgs;gif;jpg;jpeg;jpe;resx;tiff;tif;png;wav;mfcribbon-ms</Extensions>
    </Filter>
    <Filter Include="Driver Files">
      <UniqueIdentifier>{8E41214B-6785-4CFE-B992-037D68949A14}</UniqueIdentifier>
      <Extensions>inf;inv;inx;mof;mc;</Extensions>
    </Filter>
  </ItemGroup>
  <ItemGroup>
    <ClInclude Include="utils\hook_manager.h">
      <Filter>Header Files</Filter>
    </ClInclude>
    <ClInclude Include="utils\hook_functions.h">
      <Filter>Header Files</Filter>
    </ClInclude>
    <ClInclude Include="LDE64.h">
      <Filter>Header Files</Filter>
    </ClInclude>
    <ClInclude Include="utils\signature_scanner.h">
      <Filter>Header Files</Filter>
    </ClInclude>
    <ClInclude Include="utils\module_info.h">
      <Filter>Header Files</Filter>
    </ClInclude>
    <ClInclude Include="utils\native_api.h">
      <Filter>Header Files</Filter>
    </ClInclude>
    <ClInclude Include="utils\ntos_struct_def.h">
      <Filter>Header Files</Filter>
    </ClInclude>
    <ClInclude Include="utils\string_utils.h">
      <Filter>Header Files</Filter>
    </ClInclude>
    <ClInclude Include="utils\scanner_fun.h">
      <Filter>Header Files</Filter>
    </ClInclude>
    <ClInclude Include="utils\os_info.h">
      <Filter>Header Files</Filter>
    </ClInclude>
    <ClInclude Include="utils\windows_version_enum.h">
      <Filter>Header Files</Filter>
    </ClInclude>
    <ClInclude Include="utils\types.h">
      <Filter>Header Files</Filter>
    </ClInclude>
    <ClInclude Include="utils\global_defs.h">
      <Filter>Header Files</Filter>
    </ClInclude>
    <ClInclude Include="utils\hidden_module_list.h">
      <Filter>Header Files</Filter>
    </ClInclude>
    <ClInclude Include="utils\driver_feature_init.h">
      <Filter>Header Files</Filter>
    </ClInclude>
    <ClInclude Include="utils\import_encrypt.h">
      <Filter>Header Files</Filter>
    </ClInclude>
    <ClInclude Include="utils\xor_crypt.h">
      <Filter>Header Files</Filter>
    </ClInclude>
    <ClInclude Include="utils\internal_function_defs.h">
      <Filter>Header Files</Filter>
    </ClInclude>
    <ClInclude Include="utils\scanner_data.h">
      <Filter>Header Files</Filter>
    </ClInclude>
    <ClInclude Include="utils\feature_data_initializer.h">
      <Filter>Header Files</Filter>
    </ClInclude>
    <ClInclude Include="utils\kernel_hide_utils.h">
      <Filter>Header Files</Filter>
    </ClInclude>
    <ClInclude Include="utils\memory_utils.h">
      <Filter>Header Files</Filter>
    </ClInclude>
    <ClInclude Include="utils\process_utils.h">
      <Filter>Header Files</Filter>
    </ClInclude>
    <ClInclude Include="utils\feature_offset_initializer.h">
      <Filter>Header Files</Filter>
    </ClInclude>
    <ClInclude Include="utils\scanner_offset.h">
      <Filter>Header Files</Filter>
    </ClInclude>
    <ClInclude Include="utils\strong_dx.h">
      <Filter>Header Files</Filter>
    </ClInclude>
    <ClInclude Include="utils\thread_utils.h">
      <Filter>Header Files</Filter>
    </ClInclude>
    <ClInclude Include="utils\user_call_utils.h">
      <Filter>Header Files</Filter>
    </ClInclude>
    <ClInclude Include="utils\vfun_utils.h">
      <Filter>Header Files</Filter>
    </ClInclude>
    <ClInclude Include="utils\dx11.h">
      <Filter>Header Files</Filter>
    </ClInclude>
    <ClInclude Include="utils\LegacyRender.h">
      <Filter>Header Files</Filter>
    </ClInclude>
    <ClInclude Include="utils\Math.h">
      <Filter>Header Files</Filter>
    </ClInclude>
    <ClInclude Include="utils\LegacyRender.h">
      <Filter>Header Files</Filter>
    </ClInclude>
    <ClInclude Include="utils\math.h">
      <Filter>Header Files</Filter>
    </ClInclude>
    <ClInclude Include="utils\pmcol.h">
      <Filter>Header Files</Filter>
    </ClInclude>
    <ClInclude Include="utils\time_utils.h">
      <Filter>Header Files</Filter>
    </ClInclude>
    <ClInclude Include="utils\cpu_registers.h">
      <Filter>Header Files</Filter>
    </ClInclude>
    <ClInclude Include="utils\sstd_utils.h">
      <Filter>Header Files</Filter>
    </ClInclude>
    <ClInclude Include="utils\hidden_user_memory_list.h">
      <Filter>Header Files</Filter>
    </ClInclude>
    <ClInclude Include="utils\fault_uitls.h">
      <Filter>Header Files</Filter>
    </ClInclude>
    <ClInclude Include="utils\ark_utils.h">
      <Filter>Header Files</Filter>
    </ClInclude>
    <ClInclude Include="utils\font.h">
      <Filter>Header Files</Filter>
    </ClInclude>
    <ClInclude Include="utils\user_comm\user_comm.h">
      <Filter>Header Files</Filter>
    </ClInclude>
    <ClInclude Include="utils\user_comm\user_comm_struct.h">
      <Filter>Header Files</Filter>
    </ClInclude>
    <ClInclude Include="utils\auth.h">
      <Filter>Header Files</Filter>
    </ClInclude>
    <ClInclude Include="utils\file_utils.h">
      <Filter>Header Files</Filter>
    </ClInclude>
    <ClInclude Include="utils\log_utils.h">
      <Filter>Header Files</Filter>
    </ClInclude>
    <ClInclude Include="utils\global_initializer.h">
      <Filter>Header Files</Filter>
    </ClInclude>
    <ClInclude Include="utils\macros.h">
      <Filter>Header Files</Filter>
    </ClInclude>
    <ClInclude Include="utils\khyper_vt.h">
      <Filter>Header Files</Filter>
    </ClInclude>
    <ClInclude Include="vtx\allocators.h">
      <Filter>Header Files</Filter>
    </ClInclude>
    <ClInclude Include="vtx\hypervisor_routines.h">
      <Filter>Header Files</Filter>
    </ClInclude>
    <ClInclude Include="vtx\interrupt.h">
      <Filter>Header Files</Filter>
    </ClInclude>
    <ClInclude Include="vtx\invalidators.h">
      <Filter>Header Files</Filter>
    </ClInclude>
    <ClInclude Include="vtx\poolmanager.h">
      <Filter>Header Files</Filter>
    </ClInclude>
    <ClInclude Include="vtx\spinlock.h">
      <Filter>Header Files</Filter>
    </ClInclude>
    <ClInclude Include="vtx\vmcall_handler.h">
      <Filter>Header Files</Filter>
    </ClInclude>
    <ClInclude Include="vtx\vmexit_handler.h">
      <Filter>Header Files</Filter>
    </ClInclude>
    <ClInclude Include="vtx\vmm.h">
      <Filter>Header Files</Filter>
    </ClInclude>
    <ClInclude Include="vtx\xsave.h">
      <Filter>Header Files</Filter>
    </ClInclude>
    <ClInclude Include="utils\hook_utils.h">
      <Filter>Header Files</Filter>
    </ClInclude>
    <ClInclude Include="vtx\ept.h">
      <Filter>Header Files</Filter>
    </ClInclude>
    <ClInclude Include="vtx\msr.h">
      <Filter>Header Files</Filter>
    </ClInclude>
    <ClInclude Include="vtx\mtrr.h">
      <Filter>Header Files</Filter>
    </ClInclude>
    <ClInclude Include="vtx\cpuid.h">
      <Filter>Header Files</Filter>
    </ClInclude>
    <ClInclude Include="vtx\exception.h">
      <Filter>Header Files</Filter>
    </ClInclude>
    <ClInclude Include="vtx\vmcs.h">
      <Filter>Header Files</Filter>
    </ClInclude>
    <ClInclude Include="utils\memory_pool.h">
      <Filter>Header Files</Filter>
    </ClInclude>
    <ClInclude Include="vtx\vm_intrin.h">
      <Filter>Header Files</Filter>
    </ClInclude>
    <ClInclude Include="vtx\vm_context.h">
      <Filter>Header Files</Filter>
    </ClInclude>
    <ClInclude Include="vtx\compatibility_checks.h">
      <Filter>Header Files</Filter>
    </ClInclude>
    <ClInclude Include="vtx\vt_global.h">
      <Filter>Header Files</Filter>
    </ClInclude>
    <ClInclude Include="vtx\timing.h">
      <Filter>Header Files</Filter>
    </ClInclude>
    <ClInclude Include="utils\VMProtectDDK.h">
      <Filter>Header Files</Filter>
    </ClInclude>
    <ClInclude Include="utils\call_back_utils.h">
      <Filter>Header Files</Filter>
    </ClInclude>
    <ClInclude Include="utils\kvector.h">
      <Filter>Header Files</Filter>
    </ClInclude>
    <ClInclude Include="utils\fontdata.h">
      <Filter>Header Files</Filter>
    </ClInclude>
    <ClInclude Include="utils\math_utils.h">
      <Filter>Header Files</Filter>
    </ClInclude>
    <ClInclude Include="utils\process_manager_utils.h">
      <Filter>Header Files</Filter>
    </ClInclude>
    <ClInclude Include="utils\process_utils_struct.h">
      <Filter>Header Files</Filter>
    </ClInclude>
    <ClInclude Include="vtx\page-tables.h">
      <Filter>Header Files</Filter>
    </ClInclude>
    <ClInclude Include="vtx\vmcs_encodings.h">
      <Filter>Header Files</Filter>
    </ClInclude>
    <ClInclude Include="utils\data_types.h">
      <Filter>Header Files</Filter>
    </ClInclude>
    <ClInclude Include="utils\inject_utils.h">
      <Filter>Header Files</Filter>
    </ClInclude>
    <ClInclude Include="utils\MemLoadDll.h">
      <Filter>Header Files</Filter>
    </ClInclude>
    <ClInclude Include="ia32\ia32.hpp">
      <Filter>Header Files</Filter>
    </ClInclude>
    <ClInclude Include="ia32\ia32.h">
      <Filter>Header Files</Filter>
    </ClInclude>
    <ClInclude Include="ia32\ia32_compact.h">
      <Filter>Header Files</Filter>
    </ClInclude>
    <ClInclude Include="ia32\ia32_defines_only.h">
      <Filter>Header Files</Filter>
    </ClInclude>
    <ClInclude Include="vtx\hv_defs.h">
      <Filter>Header Files</Filter>
    </ClInclude>
    <ClInclude Include="vtx\hv_vt_structs.h">
      <Filter>Header Files</Filter>
    </ClInclude>
    <ClInclude Include="vtx\gdt.h">
      <Filter>Header Files</Filter>
    </ClInclude>
    <ClInclude Include="vtx\exception-routines.h">
      <Filter>Header Files</Filter>
    </ClInclude>
    <ClInclude Include="vtx\idt.h">
      <Filter>Header Files</Filter>
    </ClInclude>
    <ClInclude Include="vtx\interrupt-handlers.h">
      <Filter>Header Files</Filter>
    </ClInclude>
    <ClInclude Include="vtx\vmcs_utils.h">
      <Filter>Header Files</Filter>
    </ClInclude>
    <ClInclude Include="vtx\segment.h">
      <Filter>Header Files</Filter>
    </ClInclude>
    <ClInclude Include="vtx\hv_pre_vmcall.h">
      <Filter>Header Files</Filter>
    </ClInclude>
    <ClInclude Include="vtx\hypercalls.h">
      <Filter>Header Files</Filter>
    </ClInclude>
    <ClInclude Include="vtx\mm.h">
      <Filter>Header Files</Filter>
    </ClInclude>
    <ClInclude Include="vtx\processor_affinity.h">
      <Filter>Header Files</Filter>
    </ClInclude>
    <ClInclude Include="utils\shadow_break_point.h">
      <Filter>Header Files</Filter>
    </ClInclude>
    <ClInclude Include="utils\hook_mem_protection.h">
      <Filter>Header Files</Filter>
    </ClInclude>
    <ClInclude Include="utils\hook_process_manager.h">
      <Filter>Header Files</Filter>
    </ClInclude>
    <ClInclude Include="utils\hook_user_comm.h">
      <Filter>Header Files</Filter>
    </ClInclude>
    <ClInclude Include="utils\hook_dwm_drawing.h">
      <Filter>Header Files</Filter>
    </ClInclude>
    <ClInclude Include="utils\render.h">
      <Filter>Header Files</Filter>
    </ClInclude>
    <ClInclude Include="game\game_cheat.h">
      <Filter>Header Files</Filter>
    </ClInclude>
    <ClInclude Include="game\delta_force.h">
      <Filter>Header Files</Filter>
    </ClInclude>
  </ItemGroup>
  <ItemGroup>
    <ClCompile Include="main.cpp">
      <Filter>Source Files</Filter>
    </ClCompile>
    <ClCompile Include="utils\hook_manager.cpp">
      <Filter>Source Files</Filter>
    </ClCompile>
    <ClCompile Include="utils\hook_functions.cpp">
      <Filter>Source Files</Filter>
    </ClCompile>
    <ClCompile Include="utils\signature_scanner.cpp">
      <Filter>Source Files</Filter>
    </ClCompile>
    <ClCompile Include="utils\module_info.cpp">
      <Filter>Source Files</Filter>
    </ClCompile>
    <ClCompile Include="utils\string_utils.cpp">
      <Filter>Source Files</Filter>
    </ClCompile>
    <ClCompile Include="utils\scanner_fun.cpp">
      <Filter>Source Files</Filter>
    </ClCompile>
    <ClCompile Include="utils\os_info.cpp">
      <Filter>Source Files</Filter>
    </ClCompile>
    <ClCompile Include="utils\hidden_module_list.cpp">
      <Filter>Source Files</Filter>
    </ClCompile>
    <ClCompile Include="utils\driver_feature_init.cpp">
      <Filter>Source Files</Filter>
    </ClCompile>
    <ClCompile Include="utils\import_encrypt.cpp">
      <Filter>Source Files</Filter>
    </ClCompile>
    <ClCompile Include="utils\internal_function_defs.cpp">
      <Filter>Source Files</Filter>
    </ClCompile>
    <ClCompile Include="utils\scanner_data.cpp">
      <Filter>Source Files</Filter>
    </ClCompile>
    <ClCompile Include="utils\feature_data_initializer.cpp">
      <Filter>Source Files</Filter>
    </ClCompile>
    <ClCompile Include="utils\kernel_hide_utils.cpp">
      <Filter>Source Files</Filter>
    </ClCompile>
    <ClCompile Include="utils\memory_utils.cpp">
      <Filter>Source Files</Filter>
    </ClCompile>
    <ClCompile Include="utils\process_utils.cpp">
      <Filter>Source Files</Filter>
    </ClCompile>
    <ClCompile Include="utils\feature_offset_initializer.cpp">
      <Filter>Source Files</Filter>
    </ClCompile>
    <ClCompile Include="utils\scanner_offset.cpp">
      <Filter>Source Files</Filter>
    </ClCompile>
    <ClCompile Include="utils\strong_dx.cpp">
      <Filter>Source Files</Filter>
    </ClCompile>
    <ClCompile Include="utils\thread_utils.cpp">
      <Filter>Source Files</Filter>
    </ClCompile>
    <ClCompile Include="utils\vfun_utils.cpp">
      <Filter>Source Files</Filter>
    </ClCompile>
    <ClCompile Include="utils\user_call_utils.cpp">
      <Filter>Source Files</Filter>
    </ClCompile>
    <ClCompile Include="utils\time_utils.cpp">
      <Filter>Source Files</Filter>
    </ClCompile>
    <ClCompile Include="utils\sstd_utils.cpp">
      <Filter>Source Files</Filter>
    </ClCompile>
    <ClCompile Include="utils\hidden_user_memory_list.cpp">
      <Filter>Source Files</Filter>
    </ClCompile>
    <ClCompile Include="utils\fault_uitls.cpp">
      <Filter>Source Files</Filter>
    </ClCompile>
    <ClCompile Include="utils\ark_utils.cpp">
      <Filter>Source Files</Filter>
    </ClCompile>
    <ClCompile Include="utils\LegacyRender.cpp">
      <Filter>Source Files</Filter>
    </ClCompile>
    <ClCompile Include="utils\user_comm\user_comm.cpp">
      <Filter>Source Files</Filter>
    </ClCompile>
    <ClCompile Include="utils\auth.cpp">
      <Filter>Source Files</Filter>
    </ClCompile>
    <ClCompile Include="utils\file_utils.cpp">
      <Filter>Source Files</Filter>
    </ClCompile>
    <ClCompile Include="utils\log_utils.cpp">
      <Filter>Source Files</Filter>
    </ClCompile>
    <ClCompile Include="utils\global_initializer.cpp">
      <Filter>Source Files</Filter>
    </ClCompile>
    <ClCompile Include="utils\khyper_vt.cpp">
      <Filter>Source Files</Filter>
    </ClCompile>
    <ClCompile Include="vtx\ept.cpp">
      <Filter>Source Files</Filter>
    </ClCompile>
    <ClCompile Include="vtx\hypervisor_routines.cpp">
      <Filter>Source Files</Filter>
    </ClCompile>
    <ClCompile Include="vtx\invalidators.cpp">
      <Filter>Source Files</Filter>
    </ClCompile>
    <ClCompile Include="vtx\poolmanager.cpp">
      <Filter>Source Files</Filter>
    </ClCompile>
    <ClCompile Include="vtx\spinlock.cpp">
      <Filter>Source Files</Filter>
    </ClCompile>
    <ClCompile Include="vtx\vmcall_handler.cpp">
      <Filter>Source Files</Filter>
    </ClCompile>
    <ClCompile Include="vtx\vmcs.cpp">
      <Filter>Source Files</Filter>
    </ClCompile>
    <ClCompile Include="vtx\vmexit_handler.cpp">
      <Filter>Source Files</Filter>
    </ClCompile>
    <ClCompile Include="vtx\vmm.cpp">
      <Filter>Source Files</Filter>
    </ClCompile>
    <ClCompile Include="utils\hook_utils.cpp">
      <Filter>Source Files</Filter>
    </ClCompile>
    <ClCompile Include="utils\memory_pool.cpp">
      <Filter>Source Files</Filter>
    </ClCompile>
    <ClCompile Include="vtx\compatibility_checks.cpp">
      <Filter>Source Files</Filter>
    </ClCompile>
    <ClCompile Include="vtx\vt_global.cpp">
      <Filter>Source Files</Filter>
    </ClCompile>
    <ClCompile Include="vtx\timing.cpp">
      <Filter>Source Files</Filter>
    </ClCompile>
    <ClCompile Include="utils\call_back_utils.cpp">
      <Filter>Source Files</Filter>
    </ClCompile>
    <ClCompile Include="utils\kvector.cpp">
      <Filter>Source Files</Filter>
    </ClCompile>
    <ClCompile Include="utils\math_utils.cpp">
      <Filter>Source Files</Filter>
    </ClCompile>
    <ClCompile Include="utils\process_manager_utils.cpp">
      <Filter>Source Files</Filter>
    </ClCompile>
    <ClCompile Include="vtx\page-tables.cpp">
      <Filter>Source Files</Filter>
    </ClCompile>
    <ClCompile Include="utils\inject_utils.cpp">
      <Filter>Source Files</Filter>
    </ClCompile>
    <ClCompile Include="vtx\gdt.cpp">
      <Filter>Source Files</Filter>
    </ClCompile>
    <ClCompile Include="vtx\idt.cpp">
      <Filter>Source Files</Filter>
    </ClCompile>
    <ClCompile Include="vtx\vmcs_utils.cpp">
      <Filter>Source Files</Filter>
    </ClCompile>
    <ClCompile Include="vtx\segment.cpp">
      <Filter>Source Files</Filter>
    </ClCompile>
    <ClCompile Include="vtx\hv_pre_vmcall.cpp">
      <Filter>Source Files</Filter>
    </ClCompile>
    <ClCompile Include="vtx\hypercalls.cpp">
      <Filter>Source Files</Filter>
    </ClCompile>
    <ClCompile Include="vtx\mm.cpp">
      <Filter>Source Files</Filter>
    </ClCompile>
    <ClCompile Include="vtx\processor_affinity.cpp">
      <Filter>Source Files</Filter>
    </ClCompile>
    <ClCompile Include="utils\shadow_break_point.cpp">
      <Filter>Source Files</Filter>
    </ClCompile>
    <ClCompile Include="utils\hook_mem_protection.cpp">
      <Filter>Source Files</Filter>
    </ClCompile>
    <ClCompile Include="utils\hook_process_manager.cpp">
      <Filter>Source Files</Filter>
    </ClCompile>
    <ClCompile Include="utils\hook_user_comm.cpp">
      <Filter>Source Files</Filter>
    </ClCompile>
    <ClCompile Include="utils\hook_dwm_drawing.cpp">
      <Filter>Source Files</Filter>
    </ClCompile>
    <ClCompile Include="utils\render.cpp">
      <Filter>Source Files</Filter>
    </ClCompile>
    <ClCompile Include="game\game_cheat.cpp">
      <Filter>Source Files</Filter>
    </ClCompile>
    <ClCompile Include="game\delta_force.cpp">
      <Filter>Source Files</Filter>
    </ClCompile>
  </ItemGroup>
  <ItemGroup>
    <MASM Include="lde64.asm">
      <Filter>Source Files</Filter>
    </MASM>
    <MASM Include="utils\math.asm">
      <Filter>Source Files</Filter>
    </MASM>
    <MASM Include="utils\cpu_registers.asm">
      <Filter>Source Files</Filter>
    </MASM>
    <MASM Include="asm\vm_intrin.asm">
      <Filter>Source Files</Filter>
    </MASM>
    <MASM Include="asm\vm_context.asm">
      <Filter>Source Files</Filter>
    </MASM>
    <MASM Include="asm\interrupt-handlers.asm">
      <Filter>Source Files</Filter>
    </MASM>
    <MASM Include="asm\exception-routines.asm">
      <Filter>Source Files</Filter>
    </MASM>
  </ItemGroup>
  <ItemGroup>
    <None Include="ia32\Doxyfile" />
  </ItemGroup>
</Project>