<?xml version="1.0" encoding="utf-8"?>
<Project ToolsVersion="4.0" xmlns="http://schemas.microsoft.com/developer/msbuild/2003">
  <ItemGroup>
    <Filter Include="Source Files">
      <UniqueIdentifier>{4FC737F1-C7A5-4376-A066-2A32D752A2FF}</UniqueIdentifier>
      <Extensions>cpp;c;cc;cxx;def;odl;idl;hpj;bat;asm;asmx</Extensions>
    </Filter>
    <Filter Include="Header Files">
      <UniqueIdentifier>{93995380-89BD-4b04-88EB-625FBE52EBFB}</UniqueIdentifier>
      <Extensions>h;hpp;hxx;hm;inl;inc;xsd</Extensions>
    </Filter>
    <Filter Include="Resource Files">
      <UniqueIdentifier>{67DA6AB6-F800-4c08-8B7A-83BB121AAD01}</UniqueIdentifier>
      <Extensions>rc;ico;cur;bmp;dlg;rc2;rct;bin;rgs;gif;jpg;jpeg;jpe;resx;tiff;tif;png;wav;mfcribbon-ms</Extensions>
    </Filter>
    <Filter Include="Driver Files">
      <UniqueIdentifier>{8E41214B-6785-4CFE-B992-037D68949A14}</UniqueIdentifier>
      <Extensions>inf;inv;inx;mof;mc;</Extensions>
    </Filter>
  </ItemGroup>
  <ItemGroup>
    <ClInclude Include="arch.h">
      <Filter>Header Files</Filter>
    </ClInclude>
    <ClInclude Include="exit-handlers.h">
      <Filter>Header Files</Filter>
    </ClInclude>
    <ClInclude Include="gdt.h">
      <Filter>Header Files</Filter>
    </ClInclude>
    <ClInclude Include="guest-context.h">
      <Filter>Header Files</Filter>
    </ClInclude>
    <ClInclude Include="hv.h">
      <Filter>Header Files</Filter>
    </ClInclude>
    <ClInclude Include="idt.h">
      <Filter>Header Files</Filter>
    </ClInclude>
    <ClInclude Include="interrupt-handlers.h">
      <Filter>Header Files</Filter>
    </ClInclude>
    <ClInclude Include="mm.h">
      <Filter>Header Files</Filter>
    </ClInclude>
    <ClInclude Include="page-tables.h">
      <Filter>Header Files</Filter>
    </ClInclude>
    <ClInclude Include="segment.h">
      <Filter>Header Files</Filter>
    </ClInclude>
    <ClInclude Include="trap-frame.h">
      <Filter>Header Files</Filter>
    </ClInclude>
    <ClInclude Include="vcpu.h">
      <Filter>Header Files</Filter>
    </ClInclude>
    <ClInclude Include="vmx.h">
      <Filter>Header Files</Filter>
    </ClInclude>
    <ClInclude Include="hypercalls.h">
      <Filter>Header Files</Filter>
    </ClInclude>
    <ClInclude Include="ept.h">
      <Filter>Header Files</Filter>
    </ClInclude>
    <ClInclude Include="exception-routines.h">
      <Filter>Header Files</Filter>
    </ClInclude>
    <ClInclude Include="mtrr.h">
      <Filter>Header Files</Filter>
    </ClInclude>
    <ClInclude Include="timing.h">
      <Filter>Header Files</Filter>
    </ClInclude>
    <ClInclude Include="vmcs.h">
      <Filter>Header Files</Filter>
    </ClInclude>
    <ClInclude Include="introspection.h">
      <Filter>Header Files</Filter>
    </ClInclude>
    <ClInclude Include="logger.h">
      <Filter>Header Files</Filter>
    </ClInclude>
    <ClInclude Include="spin-lock.h">
      <Filter>Header Files</Filter>
    </ClInclude>
    <ClInclude Include="memory_pool.h">
      <Filter>Header Files</Filter>
    </ClInclude>
    <ClInclude Include="processor_affinity.h">
      <Filter>Header Files</Filter>
    </ClInclude>
    <ClInclude Include="prevmcall.h">
      <Filter>Header Files</Filter>
    </ClInclude>
    <ClInclude Include="hookutils.h">
      <Filter>Header Files</Filter>
    </ClInclude>
    <ClInclude Include="utils\hook_manager.h">
      <Filter>Header Files</Filter>
    </ClInclude>
    <ClInclude Include="utils\hook_functions.h">
      <Filter>Header Files</Filter>
    </ClInclude>
    <ClInclude Include="LDE64.h">
      <Filter>Header Files</Filter>
    </ClInclude>
    <ClInclude Include="exception.h">
      <Filter>Header Files</Filter>
    </ClInclude>
    <ClInclude Include="hypervisor_routines.h">
      <Filter>Header Files</Filter>
    </ClInclude>
    <ClInclude Include="interrupt.h">
      <Filter>Header Files</Filter>
    </ClInclude>
    <ClInclude Include="utils\signature_scanner.h">
      <Filter>Header Files</Filter>
    </ClInclude>
    <ClInclude Include="utils\module_info.h">
      <Filter>Header Files</Filter>
    </ClInclude>
    <ClInclude Include="utils\native_api.h">
      <Filter>Header Files</Filter>
    </ClInclude>
    <ClInclude Include="utils\ntos_struct_def.h">
      <Filter>Header Files</Filter>
    </ClInclude>
    <ClInclude Include="utils\string_utils.h">
      <Filter>Header Files</Filter>
    </ClInclude>
    <ClInclude Include="utils\scanner_fun.h">
      <Filter>Header Files</Filter>
    </ClInclude>
    <ClInclude Include="utils\os_info.h">
      <Filter>Header Files</Filter>
    </ClInclude>
    <ClInclude Include="utils\windows_version_enum.h">
      <Filter>Header Files</Filter>
    </ClInclude>
    <ClInclude Include="utils\types.h">
      <Filter>Header Files</Filter>
    </ClInclude>
    <ClInclude Include="utils\global_defs.h">
      <Filter>Header Files</Filter>
    </ClInclude>
    <ClInclude Include="utils\hidden_module_list.h">
      <Filter>Header Files</Filter>
    </ClInclude>
    <ClInclude Include="utils\driver_feature_init.h">
      <Filter>Header Files</Filter>
    </ClInclude>
    <ClInclude Include="utils\import_encrypt.h">
      <Filter>Header Files</Filter>
    </ClInclude>
    <ClInclude Include="utils\xor_crypt.h">
      <Filter>Header Files</Filter>
    </ClInclude>
    <ClInclude Include="utils\internal_function_defs.h">
      <Filter>Header Files</Filter>
    </ClInclude>
    <ClInclude Include="utils\scanner_data.h">
      <Filter>Header Files</Filter>
    </ClInclude>
    <ClInclude Include="utils\feature_data_initializer.h">
      <Filter>Header Files</Filter>
    </ClInclude>
    <ClInclude Include="utils\kernel_hide_utils.h">
      <Filter>Header Files</Filter>
    </ClInclude>
    <ClInclude Include="utils\memory_utils.h">
      <Filter>Header Files</Filter>
    </ClInclude>
    <ClInclude Include="utils\process_utils.h">
      <Filter>Header Files</Filter>
    </ClInclude>
    <ClInclude Include="utils\feature_offset_initializer.h">
      <Filter>Header Files</Filter>
    </ClInclude>
    <ClInclude Include="utils\scanner_offset.h">
      <Filter>Header Files</Filter>
    </ClInclude>
    <ClInclude Include="utils\dwm_draw.h">
      <Filter>Header Files</Filter>
    </ClInclude>
    <ClInclude Include="utils\strong_dx.h">
      <Filter>Header Files</Filter>
    </ClInclude>
    <ClInclude Include="utils\thread_utils.h">
      <Filter>Header Files</Filter>
    </ClInclude>
    <ClInclude Include="utils\user_call_utils.h">
      <Filter>Header Files</Filter>
    </ClInclude>
    <ClInclude Include="utils\vfun_utils.h">
      <Filter>Header Files</Filter>
    </ClInclude>
    <ClInclude Include="utils\dx11.h">
      <Filter>Header Files</Filter>
    </ClInclude>
    <ClInclude Include="utils\LegacyRender.h">
      <Filter>Header Files</Filter>
    </ClInclude>
    <ClInclude Include="utils\Math.h">
      <Filter>Header Files</Filter>
    </ClInclude>
    <ClInclude Include="utils\dx_draw\LegacyRender.h">
      <Filter>Header Files</Filter>
    </ClInclude>
    <ClInclude Include="utils\dx_draw\math.h">
      <Filter>Header Files</Filter>
    </ClInclude>
    <ClInclude Include="utils\dx_draw\pmcol.h">
      <Filter>Header Files</Filter>
    </ClInclude>
    <ClInclude Include="utils\time_utils.h">
      <Filter>Header Files</Filter>
    </ClInclude>
    <ClInclude Include="utils\cpu_registers.h">
      <Filter>Header Files</Filter>
    </ClInclude>
    <ClInclude Include="utils\sstd_utils.h">
      <Filter>Header Files</Filter>
    </ClInclude>
    <ClInclude Include="utils\hidden_user_memory_list.h">
      <Filter>Header Files</Filter>
    </ClInclude>
    <ClInclude Include="utils\fault_uitls.h">
      <Filter>Header Files</Filter>
    </ClInclude>
    <ClInclude Include="utils\ark_utils.h">
      <Filter>Header Files</Filter>
    </ClInclude>
    <ClInclude Include="utils\csgogame\offsets.h">
      <Filter>Header Files</Filter>
    </ClInclude>
    <ClInclude Include="utils\csgogame\kcsgo2_utils.h">
      <Filter>Header Files</Filter>
    </ClInclude>
    <ClInclude Include="utils\csgogame\kcsgo2_CPlayer.h">
      <Filter>Header Files</Filter>
    </ClInclude>
    <ClInclude Include="utils\csgogame\Kcsgo2_data.h">
      <Filter>Header Files</Filter>
    </ClInclude>
    <ClInclude Include="utils\window_utils.h">
      <Filter>Header Files</Filter>
    </ClInclude>
    <ClInclude Include="utils\dx_draw\imgui_utils.h">
      <Filter>Header Files</Filter>
    </ClInclude>
    <ClInclude Include="utils\csgogame\KMenuConfig.h">
      <Filter>Header Files</Filter>
    </ClInclude>
    <ClInclude Include="utils\dx_draw\font.h">
      <Filter>Header Files</Filter>
    </ClInclude>
    <ClInclude Include="utils\user_comm\user_comm.h">
      <Filter>Header Files</Filter>
    </ClInclude>
    <ClInclude Include="utils\user_comm\user_comm_struct.h">
      <Filter>Header Files</Filter>
    </ClInclude>
    <ClInclude Include="utils\auth\auth.h">
      <Filter>Header Files</Filter>
    </ClInclude>
    <ClInclude Include="utils\file_utils.h">
      <Filter>Header Files</Filter>
    </ClInclude>
    <ClInclude Include="utils\log_utils.h">
      <Filter>Header Files</Filter>
    </ClInclude>
    <ClInclude Include="utils\global_initializer.h">
      <Filter>Header Files</Filter>
    </ClInclude>
  </ItemGroup>
  <ItemGroup>
    <ClCompile Include="exit-handlers.cpp">
      <Filter>Source Files</Filter>
    </ClCompile>
    <ClCompile Include="gdt.cpp">
      <Filter>Source Files</Filter>
    </ClCompile>
    <ClCompile Include="hv.cpp">
      <Filter>Source Files</Filter>
    </ClCompile>
    <ClCompile Include="idt.cpp">
      <Filter>Source Files</Filter>
    </ClCompile>
    <ClCompile Include="main.cpp">
      <Filter>Source Files</Filter>
    </ClCompile>
    <ClCompile Include="mm.cpp">
      <Filter>Source Files</Filter>
    </ClCompile>
    <ClCompile Include="page-tables.cpp">
      <Filter>Source Files</Filter>
    </ClCompile>
    <ClCompile Include="segment.cpp">
      <Filter>Source Files</Filter>
    </ClCompile>
    <ClCompile Include="vcpu.cpp">
      <Filter>Source Files</Filter>
    </ClCompile>
    <ClCompile Include="hypercalls.cpp">
      <Filter>Source Files</Filter>
    </ClCompile>
    <ClCompile Include="ept.cpp">
      <Filter>Source Files</Filter>
    </ClCompile>
    <ClCompile Include="mtrr.cpp">
      <Filter>Source Files</Filter>
    </ClCompile>
    <ClCompile Include="timing.cpp">
      <Filter>Source Files</Filter>
    </ClCompile>
    <ClCompile Include="vmcs.cpp">
      <Filter>Source Files</Filter>
    </ClCompile>
    <ClCompile Include="introspection.cpp">
      <Filter>Source Files</Filter>
    </ClCompile>
    <ClCompile Include="logger.cpp">
      <Filter>Source Files</Filter>
    </ClCompile>
    <ClCompile Include="memory_pool.cpp">
      <Filter>Source Files</Filter>
    </ClCompile>
    <ClCompile Include="processor_affinity.cpp">
      <Filter>Source Files</Filter>
    </ClCompile>
    <ClCompile Include="prevmcall.cpp">
      <Filter>Source Files</Filter>
    </ClCompile>
    <ClCompile Include="hookutils.cpp">
      <Filter>Source Files</Filter>
    </ClCompile>
    <ClCompile Include="utils\hook_manager.cpp">
      <Filter>Source Files</Filter>
    </ClCompile>
    <ClCompile Include="utils\hook_functions.cpp">
      <Filter>Source Files</Filter>
    </ClCompile>
    <ClCompile Include="hypervisor_routines.cpp">
      <Filter>Source Files</Filter>
    </ClCompile>
    <ClCompile Include="utils\signature_scanner.cpp">
      <Filter>Source Files</Filter>
    </ClCompile>
    <ClCompile Include="utils\module_info.cpp">
      <Filter>Source Files</Filter>
    </ClCompile>
    <ClCompile Include="utils\string_utils.cpp">
      <Filter>Source Files</Filter>
    </ClCompile>
    <ClCompile Include="utils\scanner_fun.cpp">
      <Filter>Source Files</Filter>
    </ClCompile>
    <ClCompile Include="utils\os_info.cpp">
      <Filter>Source Files</Filter>
    </ClCompile>
    <ClCompile Include="utils\hidden_module_list.cpp">
      <Filter>Source Files</Filter>
    </ClCompile>
    <ClCompile Include="utils\driver_feature_init.cpp">
      <Filter>Source Files</Filter>
    </ClCompile>
    <ClCompile Include="utils\import_encrypt.cpp">
      <Filter>Source Files</Filter>
    </ClCompile>
    <ClCompile Include="utils\internal_function_defs.cpp">
      <Filter>Source Files</Filter>
    </ClCompile>
    <ClCompile Include="utils\scanner_data.cpp">
      <Filter>Source Files</Filter>
    </ClCompile>
    <ClCompile Include="utils\feature_data_initializer.cpp">
      <Filter>Source Files</Filter>
    </ClCompile>
    <ClCompile Include="utils\kernel_hide_utils.cpp">
      <Filter>Source Files</Filter>
    </ClCompile>
    <ClCompile Include="utils\memory_utils.cpp">
      <Filter>Source Files</Filter>
    </ClCompile>
    <ClCompile Include="utils\process_utils.cpp">
      <Filter>Source Files</Filter>
    </ClCompile>
    <ClCompile Include="utils\feature_offset_initializer.cpp">
      <Filter>Source Files</Filter>
    </ClCompile>
    <ClCompile Include="utils\scanner_offset.cpp">
      <Filter>Source Files</Filter>
    </ClCompile>
    <ClCompile Include="utils\dwm_draw.cpp">
      <Filter>Source Files</Filter>
    </ClCompile>
    <ClCompile Include="utils\strong_dx.cpp">
      <Filter>Source Files</Filter>
    </ClCompile>
    <ClCompile Include="utils\thread_utils.cpp">
      <Filter>Source Files</Filter>
    </ClCompile>
    <ClCompile Include="utils\vfun_utils.cpp">
      <Filter>Source Files</Filter>
    </ClCompile>
    <ClCompile Include="utils\user_call_utils.cpp">
      <Filter>Source Files</Filter>
    </ClCompile>
    <ClCompile Include="utils\time_utils.cpp">
      <Filter>Source Files</Filter>
    </ClCompile>
    <ClCompile Include="utils\sstd_utils.cpp">
      <Filter>Source Files</Filter>
    </ClCompile>
    <ClCompile Include="utils\hidden_user_memory_list.cpp">
      <Filter>Source Files</Filter>
    </ClCompile>
    <ClCompile Include="utils\fault_uitls.cpp">
      <Filter>Source Files</Filter>
    </ClCompile>
    <ClCompile Include="utils\ark_utils.cpp">
      <Filter>Source Files</Filter>
    </ClCompile>
    <ClCompile Include="utils\csgogame\kcsgo2_utils.cpp">
      <Filter>Source Files</Filter>
    </ClCompile>
    <ClCompile Include="utils\csgogame\Kcsgo2_data.cpp">
      <Filter>Source Files</Filter>
    </ClCompile>
    <ClCompile Include="utils\window_utils.cpp">
      <Filter>Source Files</Filter>
    </ClCompile>
    <ClCompile Include="utils\dx_draw\imgui_utils.cpp">
      <Filter>Source Files</Filter>
    </ClCompile>
    <ClCompile Include="utils\csgogame\KMenuConfig.cpp">
      <Filter>Source Files</Filter>
    </ClCompile>
    <ClCompile Include="utils\csgogame\kcsgo2_CPlayer.cpp">
      <Filter>Source Files</Filter>
    </ClCompile>
    <ClCompile Include="utils\dx_draw\LegacyRender.cpp">
      <Filter>Source Files</Filter>
    </ClCompile>
    <ClCompile Include="utils\user_comm\user_comm.cpp">
      <Filter>Source Files</Filter>
    </ClCompile>
    <ClCompile Include="utils\auth\auth.cpp">
      <Filter>Source Files</Filter>
    </ClCompile>
    <ClCompile Include="utils\file_utils.cpp">
      <Filter>Source Files</Filter>
    </ClCompile>
    <ClCompile Include="utils\log_utils.cpp">
      <Filter>Source Files</Filter>
    </ClCompile>
    <ClCompile Include="utils\global_initializer.cpp">
      <Filter>Source Files</Filter>
    </ClCompile>
  </ItemGroup>
  <ItemGroup>
    <MASM Include="interrupt-handlers.asm">
      <Filter>Source Files</Filter>
    </MASM>
    <MASM Include="vm-exit.asm">
      <Filter>Source Files</Filter>
    </MASM>
    <MASM Include="vm-launch.asm">
      <Filter>Source Files</Filter>
    </MASM>
    <MASM Include="vmx.asm">
      <Filter>Source Files</Filter>
    </MASM>
    <MASM Include="exception-routines.asm">
      <Filter>Source Files</Filter>
    </MASM>
    <MASM Include="arch.asm">
      <Filter>Source Files</Filter>
    </MASM>
    <MASM Include="lde64.asm">
      <Filter>Source Files</Filter>
    </MASM>
    <MASM Include="utils\dx_draw\math.asm">
      <Filter>Source Files</Filter>
    </MASM>
    <MASM Include="utils\cpu_registers.asm">
      <Filter>Source Files</Filter>
    </MASM>
  </ItemGroup>
  <ItemGroup>
    <None Include="vmx.inl">
      <Filter>Header Files</Filter>
    </None>
    <None Include="cpp.hint" />
  </ItemGroup>
</Project>